
Microsoft Visual Studio Solution File, Format Version 12.00
# Visual Studio Version 17
VisualStudioVersion = 17.13.35825.156
MinimumVisualStudioVersion = 10.0.40219.1
Project("{FAE04EC0-301F-11D3-BF4B-00C04F79EFBC}") = "TravelRouteAPI", "TravelRouteAPI\TravelRouteAPI.csproj", "{1FA6A2B8-786C-449D-86CC-541E08D63151}"
EndProject
Project("{E53339B2-1760-4266-BCC7-CA923CBCF16C}") = "docker-compose", "docker-compose.dcproj", "{81DDED9D-158B-E303-5F62-77A2896D2A5A}"
EndProject
Project("{FAE04EC0-301F-11D3-BF4B-00C04F79EFBC}") = "TravelRouteAPI.Tests", "TravelRouteAPI.Tests\TravelRouteAPI.Tests.csproj", "{BEBA543D-D0FA-9A82-62A1-188C5C490D2E}"
EndProject
Project("{FAE04EC0-301F-11D3-BF4B-00C04F79EFBC}") = "TravelRouteAPI.TestUtils", "TravelRouteAPI.TestUtils\TravelRouteAPI.TestUtils.csproj", "{365916EA-14B2-9699-6A55-8ED657AB6138}"
EndProject
Global
	GlobalSection(SolutionConfigurationPlatforms) = preSolution
		Debug|Any CPU = Debug|Any CPU
		Release|Any CPU = Release|Any CPU
	EndGlobalSection
	GlobalSection(ProjectConfigurationPlatforms) = postSolution
		{1FA6A2B8-786C-449D-86CC-541E08D63151}.Debug|Any CPU.ActiveCfg = Debug|Any CPU
		{1FA6A2B8-786C-449D-86CC-541E08D63151}.Debug|Any CPU.Build.0 = Debug|Any CPU
		{1FA6A2B8-786C-449D-86CC-541E08D63151}.Release|Any CPU.ActiveCfg = Release|Any CPU
		{1FA6A2B8-786C-449D-86CC-541E08D63151}.Release|Any CPU.Build.0 = Release|Any CPU
		{81DDED9D-158B-E303-5F62-77A2896D2A5A}.Debug|Any CPU.ActiveCfg = Debug|Any CPU
		{81DDED9D-158B-E303-5F62-77A2896D2A5A}.Debug|Any CPU.Build.0 = Debug|Any CPU
		{81DDED9D-158B-E303-5F62-77A2896D2A5A}.Release|Any CPU.ActiveCfg = Release|Any CPU
		{81DDED9D-158B-E303-5F62-77A2896D2A5A}.Release|Any CPU.Build.0 = Release|Any CPU
		{BEBA543D-D0FA-9A82-62A1-188C5C490D2E}.Debug|Any CPU.ActiveCfg = Debug|Any CPU
		{BEBA543D-D0FA-9A82-62A1-188C5C490D2E}.Debug|Any CPU.Build.0 = Debug|Any CPU
		{BEBA543D-D0FA-9A82-62A1-188C5C490D2E}.Release|Any CPU.ActiveCfg = Release|Any CPU
		{BEBA543D-D0FA-9A82-62A1-188C5C490D2E}.Release|Any CPU.Build.0 = Release|Any CPU
		{365916EA-14B2-9699-6A55-8ED657AB6138}.Debug|Any CPU.ActiveCfg = Debug|Any CPU
		{365916EA-14B2-9699-6A55-8ED657AB6138}.Debug|Any CPU.Build.0 = Debug|Any CPU
		{365916EA-14B2-9699-6A55-8ED657AB6138}.Release|Any CPU.ActiveCfg = Release|Any CPU
		{365916EA-14B2-9699-6A55-8ED657AB6138}.Release|Any CPU.Build.0 = Release|Any CPU
	EndGlobalSection
	GlobalSection(SolutionProperties) = preSolution
		HideSolutionNode = FALSE
	EndGlobalSection
	GlobalSection(ExtensibilityGlobals) = postSolution
		SolutionGuid = {DEEFA540-9B2D-456C-AD02-4DDDBF8B3589}
	EndGlobalSection
EndGlobal
